# THIS IS AN AUTOGENERATED FILE. DO NOT EDIT THIS FILE DIRECTLY.
# yarn lockfile v1


rambda@^5.6.2:
  version "5.6.2"
  resolved "https://registry.yarnpkg.com/rambda/-/rambda-5.6.2.tgz#a746108da2e6fee3b1df25d1e82972f8221887b3"
  integrity sha512-DH3Uf9g5Xn1suKlaH0EVOXTfTeamvIc7xO2/RtE2Qtfhs58gjnSjoH7w8N2VjSQQqz/5QwKI1EoP6T6G8twbtg==
