# THIS IS AN AUTOGENERATED FILE. DO NOT EDIT THIS FILE DIRECTLY.
# yarn lockfile v1


rambda@6.2.0:
  version "6.2.0"
  resolved "https://registry.yarnpkg.com/rambda/-/rambda-6.2.0.tgz#4afb776b198b054341bdf53f40edc300bea9a969"
  integrity sha512-2fIT02e45V2orajVC/TlmNtSyqbaWi/0hB6hfzNigV7qfrllS+mQeST1OQaveKWeVCNVKlXus0F2CAO8lDQNvw==
