# THIS IS AN AUTOGENERATED FILE. DO NOT EDIT THIS FILE DIRECTLY.
# yarn lockfile v1


rambda@^2.14.4:
  version "2.14.4"
  resolved "https://registry.yarnpkg.com/rambda/-/rambda-2.14.4.tgz#234afc6ec8136470ec3f49ebb047ecf1d5a6c68d"
  integrity sha512-rRqEO+9WIzVV5T2ghLDCWfzgROwdNWFnGSUfIUB0RFOUn9BlQwJ8ioyUpDUq24DefrTcH+ca1hhaCpGwM3YucA==

rambdax@^2.12.3:
  version "2.12.3"
  resolved "https://registry.yarnpkg.com/rambdax/-/rambdax-2.12.3.tgz#8be5c926f449cc6850352463682dae93322ed707"
  integrity sha512-4gbrTg8EDNYeLMN3edivQrSD6QzpDC7KWfhC0BwVaxZ60+5WCajTD9INVswsaWK1OLmOWguSQ47nMIoXZ1y5Tw==

typescript@^3.6.0-dev.20190810:
  version "3.6.0-dev.20190810"
  resolved "https://registry.yarnpkg.com/typescript/-/typescript-3.6.0-dev.20190810.tgz#dda80279480131eec9b05e3b78182a1ba1efe105"
  integrity sha512-gubcQ8Sn2G5AO1KhjvLpoFrutV7o/ZJ7wCDBC1IKgNI8R2vadIxTystJxAFqkb9boQ7tyRrZ6FwM5EL5ZYfJrg==
