# THIS IS AN AUTOGENERATED FILE. DO NOT EDIT THIS FILE DIRECTLY.
# yarn lockfile v1


rambda@5.7.0:
  version "5.7.0"
  resolved "https://registry.yarnpkg.com/rambda/-/rambda-5.7.0.tgz#1c051e2659549f9bcb1679ec3e84c106a4c010c7"
  integrity sha512-DSranSh0/58bayUCkYyCiuvuSJND4X+di+6CZRko7LPf/Jz7HuGaSz24j5r8YQ39S5L5olqT/QQU8pN2Y8HKaA==
