# THIS IS AN AUTOGENERATED FILE. DO NOT EDIT THIS FILE DIRECTLY.
# yarn lockfile v1


rambda@^2.14.0:
  version "2.14.0"
  resolved "https://registry.yarnpkg.com/rambda/-/rambda-2.14.0.tgz#3a482770d59f2e761bd3eb5ac92c4f5311b83a13"
  integrity sha512-ebJfg6i+suUcvJwvRLD0MRXOZ0pHXOy/+DvqTXGGGiqHG4m4Rtg55Cwar/jPfDfuFn9SJU3UrTnWI1soBENvOw==

rambdax@^2.12.2:
  version "2.12.2"
  resolved "https://registry.yarnpkg.com/rambdax/-/rambdax-2.12.2.tgz#b4ad34b3c227fc90e77fcac85f8ef6ba6f7168e5"
  integrity sha512-5ON0D6MsJZZdBjui4rmP6zn64dVQsQ24Feshfvu5bZjNpYQUXaxyLzNe+xNUl6xSA+MVH35SDfcBVEwgTWEc/w==

typescript@^3.5.3:
  version "3.5.3"
  resolved "https://registry.yarnpkg.com/typescript/-/typescript-3.5.3.tgz#c830f657f93f1ea846819e929092f5fe5983e977"
  integrity sha512-ACzBtm/PhXBDId6a6sDJfroT2pOWt/oOnk4/dElG5G33ZL776N3Y6/6bKZJBFpd+b05F3Ct9qDjMeJmRWtE2/g==
