{
  "name": "grid-fn",
  "version": "0.0.1",
  "lockfileVersion": 1,
  "requires": true,
  "dependencies": {
    "rambdax": {
      "version": "3.7.0",
      "resolved": "https://registry.npmjs.org/rambdax/-/rambdax-3.7.0.tgz",
      "integrity": "sha512-EaV46HD0sqoFGmm0BT7cMSUXJw0l+iMCH52CkhAuByJNLC+WXE13KgxRd5UsnwdLg/tEskgPADYacOuR0zVa9Q=="
    }
  }
}
