# THIS IS AN AUTOGENERATED FILE. DO NOT EDIT THIS FILE DIRECTLY.
# yarn lockfile v1


denque@^1.4.1:
  version "1.4.1"
  resolved "https://registry.yarnpkg.com/denque/-/denque-1.4.1.tgz#6744ff7641c148c3f8a69c307e51235c1f4a37cf"
  integrity sha512-OfzPuSZKGcgr96rf1oODnfjqBFmr1DVoc/TrItj3Ohe0Ah1C5WX5Baquw/9U9KovnQ88EqmJbD66rKYUQYN1tQ==

env-fn@2.1.0:
  version "2.1.0"
  resolved "https://registry.yarnpkg.com/env-fn/-/env-fn-2.1.0.tgz#1dd088d571f2169800ada9a8c9ad397beb708e2a"
  integrity sha512-kxPL4WGvcnVokkbuEsbxQyzW0MLOT87DWOt0O7dPifvS8wne0tEfZgaiwbaYhMUOjjGLsU952ve7XAfFI81u/w==
  dependencies:
    fs-extra "^8.1.0"
    rambda "^4.5.0"

fs-extra@^8.1.0:
  version "8.1.0"
  resolved "https://registry.yarnpkg.com/fs-extra/-/fs-extra-8.1.0.tgz#49d43c45a88cd9677668cb7be1b46efdb8d2e1c0"
  integrity sha512-yhlQgA6mnOJUKOsRUFsgJdQCvkKhcz8tlZG5HBQfReYZy46OwLcY+Zia0mtdHsOo9y/hP+CxMN0TU9QxoOtG4g==
  dependencies:
    graceful-fs "^4.2.0"
    jsonfile "^4.0.0"
    universalify "^0.1.0"

graceful-fs@^4.1.6, graceful-fs@^4.2.0:
  version "4.2.3"
  resolved "https://registry.yarnpkg.com/graceful-fs/-/graceful-fs-4.2.3.tgz#4a12ff1b60376ef09862c2093edd908328be8423"
  integrity sha512-a30VEBm4PEdx1dRB7MFK7BejejvCvBronbLjht+sHuGYj8PHs7M/5Z+rt5lw551vZ7yfTCj4Vuyy3mSJytDWRQ==

jsonfile@^4.0.0:
  version "4.0.0"
  resolved "https://registry.yarnpkg.com/jsonfile/-/jsonfile-4.0.0.tgz#8771aae0799b64076b76640fca058f9c10e33ecb"
  integrity sha1-h3Gq4HmbZAdrdmQPygWPnBDjPss=
  optionalDependencies:
    graceful-fs "^4.1.6"

rambda@5.8.0:
  version "5.8.0"
  resolved "https://registry.yarnpkg.com/rambda/-/rambda-5.8.0.tgz#41b6ec4c9ab57a1f09c91bc75357136c22dccffd"
  integrity sha512-gEzvDE/Syadcn+yVjEYKLZnvFiHcoUQWwfjVcEZ3ugwN22IGHGWQebISzr+E2ar7fW8ly7CtDZcgVUnmrvSPIw==

rambda@^4.5.0:
  version "4.6.0"
  resolved "https://registry.yarnpkg.com/rambda/-/rambda-4.6.0.tgz#79a47911329c91ad6094a0425a2980ec19e6ba72"
  integrity sha512-RGFM9TnZWmh/r6SAjNK9qrz5Ch8UceRgQrxtijtdD/ZmTUOEcqNYKlJNzApPH+kWvvUJ0ZYhS82I+3gR1O/6uA==

redis-commands@^1.5.0:
  version "1.5.0"
  resolved "https://registry.yarnpkg.com/redis-commands/-/redis-commands-1.5.0.tgz#80d2e20698fe688f227127ff9e5164a7dd17e785"
  integrity sha512-6KxamqpZ468MeQC3bkWmCB1fp56XL64D4Kf0zJSwDZbVLLm7KFkoIcHrgRvQ+sk8dnhySs7+yBg94yIkAK7aJg==

redis-errors@^1.0.0, redis-errors@^1.2.0:
  version "1.2.0"
  resolved "https://registry.yarnpkg.com/redis-errors/-/redis-errors-1.2.0.tgz#eb62d2adb15e4eaf4610c04afe1529384250abad"
  integrity sha1-62LSrbFeTq9GEMBK/hUpOEJQq60=

redis-parser@^3.0.0:
  version "3.0.0"
  resolved "https://registry.yarnpkg.com/redis-parser/-/redis-parser-3.0.0.tgz#b66d828cdcafe6b4b8a428a7def4c6bcac31c8b4"
  integrity sha1-tm2CjNyv5rS4pCin3vTGvKwxyLQ=
  dependencies:
    redis-errors "^1.0.0"

redis@3.0.2:
  version "3.0.2"
  resolved "https://registry.yarnpkg.com/redis/-/redis-3.0.2.tgz#bd47067b8a4a3e6a2e556e57f71cc82c7360150a"
  integrity sha512-PNhLCrjU6vKVuMOyFu7oSP296mwBkcE6lrAjruBYG5LgdSqtRBoVQIylrMyVZD/lkF24RSNNatzvYag6HRBHjQ==
  dependencies:
    denque "^1.4.1"
    redis-commands "^1.5.0"
    redis-errors "^1.2.0"
    redis-parser "^3.0.0"

universalify@^0.1.0:
  version "0.1.2"
  resolved "https://registry.yarnpkg.com/universalify/-/universalify-0.1.2.tgz#b646f69be3942dabcecc9d6639c80dc105efaa66"
  integrity sha512-rBJeI5CXAlmy1pV+617WB9J63U6XcazHHF2f2dbJix4XzpUF0RS3Zbj0FGIOCAva5P/d/GBOYaACQ1w+0azUkg==
