# THIS IS AN AUTOGENERATED FILE. DO NOT EDIT THIS FILE DIRECTLY.
# yarn lockfile v1


rambda@^3.2.1:
  version "3.2.1"
  resolved "https://registry.yarnpkg.com/rambda/-/rambda-3.2.1.tgz#63e89fe40befd8896aab0e411aa40bb9a137d1dc"
  integrity sha512-UJzQl7WbctP2zMd2VIb6fxW/G7zUk6tKR1Q2WYtHR0pGy5fVEZvXqrgAmtAPnULet+HGzPO9CKH6UiiuVH26EA==

typescript@^3.6.4:
  version "3.6.4"
  resolved "https://registry.yarnpkg.com/typescript/-/typescript-3.6.4.tgz#b18752bb3792bc1a0281335f7f6ebf1bbfc5b91d"
  integrity sha512-unoCll1+l+YK4i4F8f22TaNVPRHcD9PA3yCuZ8g5e0qGqlVlJ/8FSateOLLSagn+Yg5+ZwuPkL8LFUc0Jcvksg==
